
Microsoft Visual Studio Solution File, Format Version 12.00
# Visual Studio 15
VisualStudioVersion = 15.0.28307.902
MinimumVisualStudioVersion = 10.0.40219.1
Project("{FAE04EC0-301F-11D3-BF4B-00C04F79EFBC}") = "WindowsFormsApp1", "WindowsFormsApp1\WindowsFormsApp1.csproj", "{06ED6B7F-2B6A-46EC-BDF8-2EB66ACC45F0}"
EndProject
Global
	GlobalSection(SolutionConfigurationPlatforms) = preSolution
		Debug|Any CPU = Debug|Any CPU
		Release|Any CPU = Release|Any CPU
	EndGlobalSection
	GlobalSection(ProjectConfigurationPlatforms) = postSolution
		{06ED6B7F-2B6A-46EC-BDF8-2EB66ACC45F0}.Debug|Any CPU.ActiveCfg = Debug|Any CPU
		{06ED6B7F-2B6A-46EC-BDF8-2EB66ACC45F0}.Debug|Any CPU.Build.0 = Debug|Any CPU
		{06ED6B7F-2B6A-46EC-BDF8-2EB66ACC45F0}.Release|Any CPU.ActiveCfg = Release|Any CPU
		{06ED6B7F-2B6A-46EC-BDF8-2EB66ACC45F0}.Release|Any CPU.Build.0 = Release|Any CPU
	EndGlobalSection
	GlobalSection(SolutionProperties) = preSolution
		HideSolutionNode = FALSE
	EndGlobalSection
	GlobalSection(ExtensibilityGlobals) = postSolution
		SolutionGuid = {EC4562E8-13C2-4465-A875-D77B26017BFC}
	EndGlobalSection
EndGlobal
